Microsoft Visual Studio Solution File, Format Version 12.00
# Visual Studio Version 17
VisualStudioVersion = 17.0.31903.59
MinimumVisualStudioVersion = 10.0.40219.1

# Solution Folders
Project("{2150E333-8FDC-42A3-9474-1A3956D46DE8}") = "building-blocks", "building-blocks", "{10000000-0000-0000-0000-000000000001}"
EndProject
Project("{2150E333-8FDC-42A3-9474-1A3956D46DE8}") = "services", "services", "{10000000-0000-0000-0000-000000000002}"
EndProject
Project("{2150E333-8FDC-42A3-9474-1A3956D46DE8}") = "aspire", "aspire", "{10000000-0000-0000-0000-000000000003}"
EndProject

# Building Blocks
Project("{FAE04EC0-301F-11D3-BF4B-00C04F79EFBC}") = "Mozaiks.Auth", "packages\dotnet\building-blocks\Mozaiks.Auth\Mozaiks.Auth.csproj", "{A1000001-0000-0000-0000-000000000001}"
EndProject
Project("{FAE04EC0-301F-11D3-BF4B-00C04F79EFBC}") = "Mozaiks.Auth.Tests", "packages\dotnet\building-blocks\Mozaiks.Auth.Tests\Mozaiks.Auth.Tests.csproj", "{A1000001-0000-0000-0000-000000000002}"
EndProject
Project("{FAE04EC0-301F-11D3-BF4B-00C04F79EFBC}") = "Mozaiks.ApiKeys", "packages\dotnet\building-blocks\Mozaiks.ApiKeys\Mozaiks.ApiKeys.csproj", "{A1000001-0000-0000-0000-000000000003}"
EndProject
Project("{FAE04EC0-301F-11D3-BF4B-00C04F79EFBC}") = "Mozaiks.Auditing", "packages\dotnet\building-blocks\Mozaiks.Auditing\Mozaiks.Auditing.csproj", "{A1000001-0000-0000-0000-000000000004}"
EndProject
Project("{FAE04EC0-301F-11D3-BF4B-00C04F79EFBC}") = "Mozaiks.EventBus", "packages\dotnet\building-blocks\Mozaiks.EventBus\Mozaiks.EventBus.csproj", "{A1000001-0000-0000-0000-000000000005}"
EndProject
Project("{FAE04EC0-301F-11D3-BF4B-00C04F79EFBC}") = "Mozaiks.Provisioning", "packages\dotnet\building-blocks\Mozaiks.Provisioning\Mozaiks.Provisioning.csproj", "{A1000001-0000-0000-0000-000000000006}"
EndProject

# Services
Project("{FAE04EC0-301F-11D3-BF4B-00C04F79EFBC}") = "Mozaiks.Billing", "packages\dotnet\services\Mozaiks.Billing\Mozaiks.Billing.csproj", "{B2000001-0000-0000-0000-000000000001}"
EndProject
Project("{FAE04EC0-301F-11D3-BF4B-00C04F79EFBC}") = "Mozaiks.Insights", "packages\dotnet\services\Mozaiks.Insights\Mozaiks.Insights.csproj", "{B2000001-0000-0000-0000-000000000002}"
EndProject
Project("{FAE04EC0-301F-11D3-BF4B-00C04F79EFBC}") = "Mozaiks.Plugins", "packages\dotnet\services\Mozaiks.Plugins\Mozaiks.Plugins.csproj", "{B2000001-0000-0000-0000-000000000003}"
EndProject
Project("{FAE04EC0-301F-11D3-BF4B-00C04F79EFBC}") = "Mozaiks.Notifications.API", "packages\dotnet\services\Mozaiks.Notifications\Mozaiks.Notifications.API\Mozaiks.Notifications.API.csproj", "{B2000001-0000-0000-0000-000000000011}"
EndProject
Project("{FAE04EC0-301F-11D3-BF4B-00C04F79EFBC}") = "Mozaiks.Notifications.Application", "packages\dotnet\services\Mozaiks.Notifications\Mozaiks.Notifications.Application\Mozaiks.Notifications.Application.csproj", "{B2000001-0000-0000-0000-000000000012}"
EndProject
Project("{FAE04EC0-301F-11D3-BF4B-00C04F79EFBC}") = "Mozaiks.Notifications.Domain", "packages\dotnet\services\Mozaiks.Notifications\Mozaiks.Notifications.Domain\Mozaiks.Notifications.Domain.csproj", "{B2000001-0000-0000-0000-000000000013}"
EndProject
Project("{FAE04EC0-301F-11D3-BF4B-00C04F79EFBC}") = "Mozaiks.Notifications.Infrastructure", "packages\dotnet\services\Mozaiks.Notifications\Mozaiks.Notifications.Infrastructure\Mozaiks.Notifications.Infrastructure.csproj", "{B2000001-0000-0000-0000-000000000014}"
EndProject

# Aspire
Project("{FAE04EC0-301F-11D3-BF4B-00C04F79EFBC}") = "Mozaiks.AppHost", "packages\dotnet\aspire\Mozaiks.AppHost\Mozaiks.AppHost.csproj", "{C3000001-0000-0000-0000-000000000001}"
EndProject
Project("{FAE04EC0-301F-11D3-BF4B-00C04F79EFBC}") = "Mozaiks.ServiceDefaults", "packages\dotnet\aspire\Mozaiks.ServiceDefaults\Mozaiks.ServiceDefaults.csproj", "{C3000001-0000-0000-0000-000000000002}"
EndProject

Global
	GlobalSection(SolutionConfigurationPlatforms) = preSolution
		Debug|Any CPU = Debug|Any CPU
		Release|Any CPU = Release|Any CPU
	EndGlobalSection
	GlobalSection(ProjectConfigurationPlatforms) = postSolution
		{A1000001-0000-0000-0000-000000000001}.Debug|Any CPU.ActiveCfg = Debug|Any CPU
		{A1000001-0000-0000-0000-000000000001}.Debug|Any CPU.Build.0 = Debug|Any CPU
		{A1000001-0000-0000-0000-000000000001}.Release|Any CPU.ActiveCfg = Release|Any CPU
		{A1000001-0000-0000-0000-000000000001}.Release|Any CPU.Build.0 = Release|Any CPU
		{A1000001-0000-0000-0000-000000000002}.Debug|Any CPU.ActiveCfg = Debug|Any CPU
		{A1000001-0000-0000-0000-000000000002}.Debug|Any CPU.Build.0 = Debug|Any CPU
		{A1000001-0000-0000-0000-000000000002}.Release|Any CPU.ActiveCfg = Release|Any CPU
		{A1000001-0000-0000-0000-000000000002}.Release|Any CPU.Build.0 = Release|Any CPU
		{A1000001-0000-0000-0000-000000000003}.Debug|Any CPU.ActiveCfg = Debug|Any CPU
		{A1000001-0000-0000-0000-000000000003}.Debug|Any CPU.Build.0 = Debug|Any CPU
		{A1000001-0000-0000-0000-000000000003}.Release|Any CPU.ActiveCfg = Release|Any CPU
		{A1000001-0000-0000-0000-000000000003}.Release|Any CPU.Build.0 = Release|Any CPU
		{A1000001-0000-0000-0000-000000000004}.Debug|Any CPU.ActiveCfg = Debug|Any CPU
		{A1000001-0000-0000-0000-000000000004}.Debug|Any CPU.Build.0 = Debug|Any CPU
		{A1000001-0000-0000-0000-000000000004}.Release|Any CPU.ActiveCfg = Release|Any CPU
		{A1000001-0000-0000-0000-000000000004}.Release|Any CPU.Build.0 = Release|Any CPU
		{A1000001-0000-0000-0000-000000000005}.Debug|Any CPU.ActiveCfg = Debug|Any CPU
		{A1000001-0000-0000-0000-000000000005}.Debug|Any CPU.Build.0 = Debug|Any CPU
		{A1000001-0000-0000-0000-000000000005}.Release|Any CPU.ActiveCfg = Release|Any CPU
		{A1000001-0000-0000-0000-000000000005}.Release|Any CPU.Build.0 = Release|Any CPU
		{A1000001-0000-0000-0000-000000000006}.Debug|Any CPU.ActiveCfg = Debug|Any CPU
		{A1000001-0000-0000-0000-000000000006}.Debug|Any CPU.Build.0 = Debug|Any CPU
		{A1000001-0000-0000-0000-000000000006}.Release|Any CPU.ActiveCfg = Release|Any CPU
		{A1000001-0000-0000-0000-000000000006}.Release|Any CPU.Build.0 = Release|Any CPU
		{B2000001-0000-0000-0000-000000000001}.Debug|Any CPU.ActiveCfg = Debug|Any CPU
		{B2000001-0000-0000-0000-000000000001}.Debug|Any CPU.Build.0 = Debug|Any CPU
		{B2000001-0000-0000-0000-000000000001}.Release|Any CPU.ActiveCfg = Release|Any CPU
		{B2000001-0000-0000-0000-000000000001}.Release|Any CPU.Build.0 = Release|Any CPU
		{B2000001-0000-0000-0000-000000000002}.Debug|Any CPU.ActiveCfg = Debug|Any CPU
		{B2000001-0000-0000-0000-000000000002}.Debug|Any CPU.Build.0 = Debug|Any CPU
		{B2000001-0000-0000-0000-000000000002}.Release|Any CPU.ActiveCfg = Release|Any CPU
		{B2000001-0000-0000-0000-000000000002}.Release|Any CPU.Build.0 = Release|Any CPU
		{B2000001-0000-0000-0000-000000000003}.Debug|Any CPU.ActiveCfg = Debug|Any CPU
		{B2000001-0000-0000-0000-000000000003}.Debug|Any CPU.Build.0 = Debug|Any CPU
		{B2000001-0000-0000-0000-000000000003}.Release|Any CPU.ActiveCfg = Release|Any CPU
		{B2000001-0000-0000-0000-000000000003}.Release|Any CPU.Build.0 = Release|Any CPU
		{B2000001-0000-0000-0000-000000000011}.Debug|Any CPU.ActiveCfg = Debug|Any CPU
		{B2000001-0000-0000-0000-000000000011}.Debug|Any CPU.Build.0 = Debug|Any CPU
		{B2000001-0000-0000-0000-000000000011}.Release|Any CPU.ActiveCfg = Release|Any CPU
		{B2000001-0000-0000-0000-000000000011}.Release|Any CPU.Build.0 = Release|Any CPU
		{B2000001-0000-0000-0000-000000000012}.Debug|Any CPU.ActiveCfg = Debug|Any CPU
		{B2000001-0000-0000-0000-000000000012}.Debug|Any CPU.Build.0 = Debug|Any CPU
		{B2000001-0000-0000-0000-000000000012}.Release|Any CPU.ActiveCfg = Release|Any CPU
		{B2000001-0000-0000-0000-000000000012}.Release|Any CPU.Build.0 = Release|Any CPU
		{B2000001-0000-0000-0000-000000000013}.Debug|Any CPU.ActiveCfg = Debug|Any CPU
		{B2000001-0000-0000-0000-000000000013}.Debug|Any CPU.Build.0 = Debug|Any CPU
		{B2000001-0000-0000-0000-000000000013}.Release|Any CPU.ActiveCfg = Release|Any CPU
		{B2000001-0000-0000-0000-000000000013}.Release|Any CPU.Build.0 = Release|Any CPU
		{B2000001-0000-0000-0000-000000000014}.Debug|Any CPU.ActiveCfg = Debug|Any CPU
		{B2000001-0000-0000-0000-000000000014}.Debug|Any CPU.Build.0 = Debug|Any CPU
		{B2000001-0000-0000-0000-000000000014}.Release|Any CPU.ActiveCfg = Release|Any CPU
		{B2000001-0000-0000-0000-000000000014}.Release|Any CPU.Build.0 = Release|Any CPU
		{C3000001-0000-0000-0000-000000000001}.Debug|Any CPU.ActiveCfg = Debug|Any CPU
		{C3000001-0000-0000-0000-000000000001}.Debug|Any CPU.Build.0 = Debug|Any CPU
		{C3000001-0000-0000-0000-000000000001}.Release|Any CPU.ActiveCfg = Release|Any CPU
		{C3000001-0000-0000-0000-000000000001}.Release|Any CPU.Build.0 = Release|Any CPU
		{C3000001-0000-0000-0000-000000000002}.Debug|Any CPU.ActiveCfg = Debug|Any CPU
		{C3000001-0000-0000-0000-000000000002}.Debug|Any CPU.Build.0 = Debug|Any CPU
		{C3000001-0000-0000-0000-000000000002}.Release|Any CPU.ActiveCfg = Release|Any CPU
		{C3000001-0000-0000-0000-000000000002}.Release|Any CPU.Build.0 = Release|Any CPU
	EndGlobalSection
	GlobalSection(NestedProjects) = preSolution
		{A1000001-0000-0000-0000-000000000001} = {10000000-0000-0000-0000-000000000001}
		{A1000001-0000-0000-0000-000000000002} = {10000000-0000-0000-0000-000000000001}
		{A1000001-0000-0000-0000-000000000003} = {10000000-0000-0000-0000-000000000001}
		{A1000001-0000-0000-0000-000000000004} = {10000000-0000-0000-0000-000000000001}
		{A1000001-0000-0000-0000-000000000005} = {10000000-0000-0000-0000-000000000001}
		{A1000001-0000-0000-0000-000000000006} = {10000000-0000-0000-0000-000000000001}
		{B2000001-0000-0000-0000-000000000001} = {10000000-0000-0000-0000-000000000002}
		{B2000001-0000-0000-0000-000000000002} = {10000000-0000-0000-0000-000000000002}
		{B2000001-0000-0000-0000-000000000003} = {10000000-0000-0000-0000-000000000002}
		{B2000001-0000-0000-0000-000000000011} = {10000000-0000-0000-0000-000000000002}
		{B2000001-0000-0000-0000-000000000012} = {10000000-0000-0000-0000-000000000002}
		{B2000001-0000-0000-0000-000000000013} = {10000000-0000-0000-0000-000000000002}
		{B2000001-0000-0000-0000-000000000014} = {10000000-0000-0000-0000-000000000002}
		{C3000001-0000-0000-0000-000000000001} = {10000000-0000-0000-0000-000000000003}
		{C3000001-0000-0000-0000-000000000002} = {10000000-0000-0000-0000-000000000003}
	EndGlobalSection
EndGlobal
